
Microsoft Visual Studio Solution File, Format Version 12.00
# Visual Studio Version 16
VisualStudioVersion = 16.0.29230.47
MinimumVisualStudioVersion = 10.0.40219.1
Project("{FAE04EC0-301F-11D3-BF4B-00C04F79EFBC}") = "TableDataAPI", "TableDataAPI\TableDataAPI.csproj", "{5D082217-CFA2-4AB2-9213-FBB82ED94130}"
EndProject
Global
	GlobalSection(SolutionConfigurationPlatforms) = preSolution
		Debug|Any CPU = Debug|Any CPU
		Release|Any CPU = Release|Any CPU
	EndGlobalSection
	GlobalSection(ProjectConfigurationPlatforms) = postSolution
		{5D082217-CFA2-4AB2-9213-FBB82ED94130}.Debug|Any CPU.ActiveCfg = Debug|Any CPU
		{5D082217-CFA2-4AB2-9213-FBB82ED94130}.Debug|Any CPU.Build.0 = Debug|Any CPU
		{5D082217-CFA2-4AB2-9213-FBB82ED94130}.Release|Any CPU.ActiveCfg = Release|Any CPU
		{5D082217-CFA2-4AB2-9213-FBB82ED94130}.Release|Any CPU.Build.0 = Release|Any CPU
	EndGlobalSection
	GlobalSection(SolutionProperties) = preSolution
		HideSolutionNode = FALSE
	EndGlobalSection
	GlobalSection(ExtensibilityGlobals) = postSolution
		SolutionGuid = {6133208B-5A8D-47D7-B987-5B651CAEC336}
	EndGlobalSection
EndGlobal
